{
  "name": "mltd-function",
  "version": "1.0.0",
  "lockfileVersion": 1,
  "requires": true,
  "dependencies": {
    "@azure/functions": {
      "version": "1.2.2",
      "resolved": "https://registry.npm.taobao.org/@azure/functions/download/@azure/functions-1.2.2.tgz",
      "integrity": "sha1-j8tqo6h5074Nw9aJGflpsFS74/M=",
      "dev": true
    },
    "typescript": {
      "version": "3.9.7",
      "resolved": "https://registry.npm.taobao.org/typescript/download/typescript-3.9.7.tgz",
      "integrity": "sha1-mNYApevcOPQMsndSLxLcgA6eJfo=",
      "dev": true
    }
  }
}
